
Microsoft Visual Studio Solution File, Format Version 12.00
# Visual Studio Version 17
VisualStudioVersion = 17.8.34408.163
MinimumVisualStudioVersion = 10.0.40219.1
Project("{F184B08F-C81C-45F6-A57F-5ABD9991F28F}") = "Practical Summative Assessment in VB", "Practical Summative Assessment in VB\Practical Summative Assessment in VB.vbproj", "{27695BBE-594F-4197-B7AC-EF64D7D44B87}"
EndProject
Global
	GlobalSection(SolutionConfigurationPlatforms) = preSolution
		Debug|Any CPU = Debug|Any CPU
		Release|Any CPU = Release|Any CPU
	EndGlobalSection
	GlobalSection(ProjectConfigurationPlatforms) = postSolution
		{27695BBE-594F-4197-B7AC-EF64D7D44B87}.Debug|Any CPU.ActiveCfg = Debug|Any CPU
		{27695BBE-594F-4197-B7AC-EF64D7D44B87}.Debug|Any CPU.Build.0 = Debug|Any CPU
		{27695BBE-594F-4197-B7AC-EF64D7D44B87}.Release|Any CPU.ActiveCfg = Release|Any CPU
		{27695BBE-594F-4197-B7AC-EF64D7D44B87}.Release|Any CPU.Build.0 = Release|Any CPU
	EndGlobalSection
	GlobalSection(SolutionProperties) = preSolution
		HideSolutionNode = FALSE
	EndGlobalSection
	GlobalSection(ExtensibilityGlobals) = postSolution
		SolutionGuid = {A599AAB0-F2B1-44D9-9DA7-406F8CE46984}
	EndGlobalSection
EndGlobal
